
Microsoft Visual Studio Solution File, Format Version 12.00
# Visual Studio Version 17
VisualStudioVersion = 17.0.32112.339
MinimumVisualStudioVersion = 10.0.40219.1
Project("{FAE04EC0-301F-11D3-BF4B-00C04F79EFBC}") = "FirstWebAPIApplication", "FirstWebAPIApplication\FirstWebAPIApplication.csproj", "{42386C74-7479-4936-B886-B4A143D6CEBB}"
EndProject
Global
	GlobalSection(SolutionConfigurationPlatforms) = preSolution
		Debug|Any CPU = Debug|Any CPU
		Release|Any CPU = Release|Any CPU
	EndGlobalSection
	GlobalSection(ProjectConfigurationPlatforms) = postSolution
		{42386C74-7479-4936-B886-B4A143D6CEBB}.Debug|Any CPU.ActiveCfg = Debug|Any CPU
		{42386C74-7479-4936-B886-B4A143D6CEBB}.Debug|Any CPU.Build.0 = Debug|Any CPU
		{42386C74-7479-4936-B886-B4A143D6CEBB}.Release|Any CPU.ActiveCfg = Release|Any CPU
		{42386C74-7479-4936-B886-B4A143D6CEBB}.Release|Any CPU.Build.0 = Release|Any CPU
	EndGlobalSection
	GlobalSection(SolutionProperties) = preSolution
		HideSolutionNode = FALSE
	EndGlobalSection
	GlobalSection(ExtensibilityGlobals) = postSolution
		SolutionGuid = {702E7925-87EF-46BD-ADFC-27715A7741BC}
	EndGlobalSection
EndGlobal
