
Microsoft Visual Studio Solution File, Format Version 12.00
# Visual Studio Version 16
VisualStudioVersion = 16.0.32106.194
MinimumVisualStudioVersion = 10.0.40219.1
Project("{FAE04EC0-301F-11D3-BF4B-00C04F79EFBC}") = "CMSFEConsoleApp", "CMSFEConsoleApp\CMSFEConsoleApp.csproj", "{A56DCAD8-E6BF-4C08-A8CF-1348F8206082}"
EndProject
Project("{FAE04EC0-301F-11D3-BF4B-00C04F79EFBC}") = "CMSModelsLibrary", "CMSModelsLibrary\CMSModelsLibrary.csproj", "{65C590FD-1BB4-477E-BA3C-6FFD180B960B}"
EndProject
Global
	GlobalSection(SolutionConfigurationPlatforms) = preSolution
		Debug|Any CPU = Debug|Any CPU
		Release|Any CPU = Release|Any CPU
	EndGlobalSection
	GlobalSection(ProjectConfigurationPlatforms) = postSolution
		{A56DCAD8-E6BF-4C08-A8CF-1348F8206082}.Debug|Any CPU.ActiveCfg = Debug|Any CPU
		{A56DCAD8-E6BF-4C08-A8CF-1348F8206082}.Debug|Any CPU.Build.0 = Debug|Any CPU
		{A56DCAD8-E6BF-4C08-A8CF-1348F8206082}.Release|Any CPU.ActiveCfg = Release|Any CPU
		{A56DCAD8-E6BF-4C08-A8CF-1348F8206082}.Release|Any CPU.Build.0 = Release|Any CPU
		{65C590FD-1BB4-477E-BA3C-6FFD180B960B}.Debug|Any CPU.ActiveCfg = Debug|Any CPU
		{65C590FD-1BB4-477E-BA3C-6FFD180B960B}.Debug|Any CPU.Build.0 = Debug|Any CPU
		{65C590FD-1BB4-477E-BA3C-6FFD180B960B}.Release|Any CPU.ActiveCfg = Release|Any CPU
		{65C590FD-1BB4-477E-BA3C-6FFD180B960B}.Release|Any CPU.Build.0 = Release|Any CPU
	EndGlobalSection
	GlobalSection(SolutionProperties) = preSolution
		HideSolutionNode = FALSE
	EndGlobalSection
	GlobalSection(ExtensibilityGlobals) = postSolution
		SolutionGuid = {3F865353-948A-4302-9C22-4736A11B45A6}
	EndGlobalSection
EndGlobal
