
Microsoft Visual Studio Solution File, Format Version 12.00
# Visual Studio Version 16
VisualStudioVersion = 16.0.32106.194
MinimumVisualStudioVersion = 10.0.40219.1
Project("{FAE04EC0-301F-11D3-BF4B-00C04F79EFBC}") = "UnderstandingInterfaceApplication", "UnderstandingInterfaceApplication\UnderstandingInterfaceApplication.csproj", "{A57B14D0-54D1-44E3-90ED-45D52504354B}"
EndProject
Global
	GlobalSection(SolutionConfigurationPlatforms) = preSolution
		Debug|Any CPU = Debug|Any CPU
		Release|Any CPU = Release|Any CPU
	EndGlobalSection
	GlobalSection(ProjectConfigurationPlatforms) = postSolution
		{A57B14D0-54D1-44E3-90ED-45D52504354B}.Debug|Any CPU.ActiveCfg = Debug|Any CPU
		{A57B14D0-54D1-44E3-90ED-45D52504354B}.Debug|Any CPU.Build.0 = Debug|Any CPU
		{A57B14D0-54D1-44E3-90ED-45D52504354B}.Release|Any CPU.ActiveCfg = Release|Any CPU
		{A57B14D0-54D1-44E3-90ED-45D52504354B}.Release|Any CPU.Build.0 = Release|Any CPU
	EndGlobalSection
	GlobalSection(SolutionProperties) = preSolution
		HideSolutionNode = FALSE
	EndGlobalSection
	GlobalSection(ExtensibilityGlobals) = postSolution
		SolutionGuid = {F9104520-B88F-4FC6-BB6E-63D048EE0671}
	EndGlobalSection
EndGlobal
