
Microsoft Visual Studio Solution File, Format Version 12.00
# Visual Studio Version 16
VisualStudioVersion = 16.0.32106.194
MinimumVisualStudioVersion = 10.0.40219.1
Project("{FAE04EC0-301F-11D3-BF4B-00C04F79EFBC}") = "FirstApplication", "FirstApplication\FirstApplication.csproj", "{FE7F8112-9663-4CAA-AA34-CCD2CCE347EB}"
EndProject
Global
	GlobalSection(SolutionConfigurationPlatforms) = preSolution
		Debug|Any CPU = Debug|Any CPU
		Release|Any CPU = Release|Any CPU
	EndGlobalSection
	GlobalSection(ProjectConfigurationPlatforms) = postSolution
		{FE7F8112-9663-4CAA-AA34-CCD2CCE347EB}.Debug|Any CPU.ActiveCfg = Debug|Any CPU
		{FE7F8112-9663-4CAA-AA34-CCD2CCE347EB}.Debug|Any CPU.Build.0 = Debug|Any CPU
		{FE7F8112-9663-4CAA-AA34-CCD2CCE347EB}.Release|Any CPU.ActiveCfg = Release|Any CPU
		{FE7F8112-9663-4CAA-AA34-CCD2CCE347EB}.Release|Any CPU.Build.0 = Release|Any CPU
	EndGlobalSection
	GlobalSection(SolutionProperties) = preSolution
		HideSolutionNode = FALSE
	EndGlobalSection
	GlobalSection(ExtensibilityGlobals) = postSolution
		SolutionGuid = {7F5B995B-420F-4D0D-83E2-70F2335D99AF}
	EndGlobalSection
EndGlobal
